
Microsoft Visual Studio Solution File, Format Version 12.00
# Visual Studio Version 17
VisualStudioVersion = 17.11.35208.52
MinimumVisualStudioVersion = 10.0.40219.1
Project("{FAE04EC0-301F-11D3-BF4B-00C04F79EFBC}") = "HDT_AnomalyTrack", "HDT_AnomalyTrack.csproj", "{DCD50578-7B67-4C07-968D-45A6171365A1}"
EndProject
Global
	GlobalSection(SolutionConfigurationPlatforms) = preSolution
		Debug|Any CPU = Debug|Any CPU
		Release|Any CPU = Release|Any CPU
	EndGlobalSection
	GlobalSection(ProjectConfigurationPlatforms) = postSolution
		{DCD50578-7B67-4C07-968D-45A6171365A1}.Debug|Any CPU.ActiveCfg = Debug|Any CPU
		{DCD50578-7B67-4C07-968D-45A6171365A1}.Debug|Any CPU.Build.0 = Debug|Any CPU
		{DCD50578-7B67-4C07-968D-45A6171365A1}.Release|Any CPU.ActiveCfg = Release|Any CPU
		{DCD50578-7B67-4C07-968D-45A6171365A1}.Release|Any CPU.Build.0 = Release|Any CPU
	EndGlobalSection
	GlobalSection(SolutionProperties) = preSolution
		HideSolutionNode = FALSE
	EndGlobalSection
	GlobalSection(ExtensibilityGlobals) = postSolution
		SolutionGuid = {BC2A169E-3D2D-4AA1-B82D-AE653B8A8121}
	EndGlobalSection
EndGlobal
